// !$*UTF8*$!
{
	archiveVersion = 1;
	classes = {
	};
	objectVersion = 50;
	objects = {

/* Begin PBXBuildFile section */
		0A9A90CB2546C52A00ED7DF2 /* AppDelegate.m in Sources */ = {isa = PBXBuildFile; fileRef = 0A9A90CA2546C52A00ED7DF2 /* AppDelegate.m */; };
		0A9A90CE2546C52A00ED7DF2 /* SceneDelegate.m in Sources */ = {isa = PBXBuildFile; fileRef = 0A9A90CD2546C52A00ED7DF2 /* SceneDelegate.m */; };
		0A9A90D12546C52A00ED7DF2 /* ViewController.m in Sources */ = {isa = PBXBuildFile; fileRef = 0A9A90D02546C52A00ED7DF2 /* ViewController.m */; };
		0A9A90D42546C52A00ED7DF2 /* Main.storyboard in Resources */ = {isa = PBXBuildFile; fileRef = 0A9A90D22546C52A00ED7DF2 /* Main.storyboard */; };
		0A9A90D62546C52B00ED7DF2 /* Assets.xcassets in Resources */ = {isa = PBXBuildFile; fileRef = 0A9A90D52546C52B00ED7DF2 /* Assets.xcassets */; };
		0A9A90D92546C52B00ED7DF2 /* LaunchScreen.storyboard in Resources */ = {isa = PBXBuildFile; fileRef = 0A9A90D72546C52B00ED7DF2 /* LaunchScreen.storyboard */; };
		0A9A90DC2546C52B00ED7DF2 /* main.m in Sources */ = {isa = PBXBuildFile; fileRef = 0A9A90DB2546C52B00ED7DF2 /* main.m */; };
		0A9A90E62546C52B00ED7DF2 /* demoTests.m in Sources */ = {isa = PBXBuildFile; fileRef = 0A9A90E52546C52B00ED7DF2 /* demoTests.m */; };
		0A9A90F12546C52B00ED7DF2 /* demoUITests.m in Sources */ = {isa = PBXBuildFile; fileRef = 0A9A90F02546C52B00ED7DF2 /* demoUITests.m */; };
		3EE1534083A96002FC6481D3 /* Pods_demoTests.framework in Frameworks */ = {isa = PBXBuildFile; fileRef = 226CDB18C22CBF16DE345FC1 /* Pods_demoTests.framework */; };
		8F1592E575684056CF4FD267 /* Pods_demo.framework in Frameworks */ = {isa = PBXBuildFile; fileRef = CE74E9CC536ABD5864D2F6CC /* Pods_demo.framework */; };
		DE01C947041BD2553CA74D75 /* Pods_demo_demoUITests.framework in Frameworks */ = {isa = PBXBuildFile; fileRef = 0BE5BDE98E7514E696A992A4 /* Pods_demo_demoUITests.framework */; };
/* End PBXBuildFile section */

/* Begin PBXContainerItemProxy section */
		0A9A90E22546C52B00ED7DF2 /* PBXContainerItemProxy */ = {
			isa = PBXContainerItemProxy;
			containerPortal = 0A9A90BE2546C52A00ED7DF2 /* Project object */;
			proxyType = 1;
			remoteGlobalIDString = 0A9A90C52546C52A00ED7DF2;
			remoteInfo = demo;
		};
		0A9A90ED2546C52B00ED7DF2 /* PBXContainerItemProxy */ = {
			isa = PBXContainerItemProxy;
			containerPortal = 0A9A90BE2546C52A00ED7DF2 /* Project object */;
			proxyType = 1;
			remoteGlobalIDString = 0A9A90C52546C52A00ED7DF2;
			remoteInfo = demo;
		};
/* End PBXContainerItemProxy section */

/* Begin PBXFileReference section */
		0A9A90C62546C52A00ED7DF2 /* demo.app */ = {isa = PBXFileReference; explicitFileType = wrapper.application; includeInIndex = 0; path = demo.app; sourceTree = BUILT_PRODUCTS_DIR; };
		0A9A90C92546C52A00ED7DF2 /* AppDelegate.h */ = {isa = PBXFileReference; lastKnownFileType = sourcecode.c.h; path = AppDelegate.h; sourceTree = "<group>"; };
		0A9A90CA2546C52A00ED7DF2 /* AppDelegate.m */ = {isa = PBXFileReference; lastKnownFileType = sourcecode.c.objc; path = AppDelegate.m; sourceTree = "<group>"; };
		0A9A90CC2546C52A00ED7DF2 /* SceneDelegate.h */ = {isa = PBXFileReference; lastKnownFileType = sourcecode.c.h; path = SceneDelegate.h; sourceTree = "<group>"; };
		0A9A90CD2546C52A00ED7DF2 /* SceneDelegate.m */ = {isa = PBXFileReference; lastKnownFileType = sourcecode.c.objc; path = SceneDelegate.m; sourceTree = "<group>"; };
		0A9A90CF2546C52A00ED7DF2 /* ViewController.h */ = {isa = PBXFileReference; lastKnownFileType = sourcecode.c.h; path = ViewController.h; sourceTree = "<group>"; };
		0A9A90D02546C52A00ED7DF2 /* ViewController.m */ = {isa = PBXFileReference; lastKnownFileType = sourcecode.c.objc; path = ViewController.m; sourceTree = "<group>"; };
		0A9A90D32546C52A00ED7DF2 /* Base */ = {isa = PBXFileReference; lastKnownFileType = file.storyboard; name = Base; path = Base.lproj/Main.storyboard; sourceTree = "<group>"; };
		0A9A90D52546C52B00ED7DF2 /* Assets.xcassets */ = {isa = PBXFileReference; lastKnownFileType = folder.assetcatalog; path = Assets.xcassets; sourceTree = "<group>"; };
		0A9A90D82546C52B00ED7DF2 /* Base */ = {isa = PBXFileReference; lastKnownFileType = file.storyboard; name = Base; path = Base.lproj/LaunchScreen.storyboard; sourceTree = "<group>"; };
		0A9A90DA2546C52B00ED7DF2 /* Info.plist */ = {isa = PBXFileReference; lastKnownFileType = text.plist.xml; path = Info.plist; sourceTree = "<group>"; };
		0A9A90DB2546C52B00ED7DF2 /* main.m */ = {isa = PBXFileReference; lastKnownFileType = sourcecode.c.objc; path = main.m; sourceTree = "<group>"; };
		0A9A90E12546C52B00ED7DF2 /* demoTests.xctest */ = {isa = PBXFileReference; explicitFileType = wrapper.cfbundle; includeInIndex = 0; path = demoTests.xctest; sourceTree = BUILT_PRODUCTS_DIR; };
		0A9A90E52546C52B00ED7DF2 /* demoTests.m */ = {isa = PBXFileReference; lastKnownFileType = sourcecode.c.objc; path = demoTests.m; sourceTree = "<group>"; };
		0A9A90E72546C52B00ED7DF2 /* Info.plist */ = {isa = PBXFileReference; lastKnownFileType = text.plist.xml; path = Info.plist; sourceTree = "<group>"; };
		0A9A90EC2546C52B00ED7DF2 /* demoUITests.xctest */ = {isa = PBXFileReference; explicitFileType = wrapper.cfbundle; includeInIndex = 0; path = demoUITests.xctest; sourceTree = BUILT_PRODUCTS_DIR; };
		0A9A90F02546C52B00ED7DF2 /* demoUITests.m */ = {isa = PBXFileReference; lastKnownFileType = sourcecode.c.objc; path = demoUITests.m; sourceTree = "<group>"; };
		0A9A90F22546C52B00ED7DF2 /* Info.plist */ = {isa = PBXFileReference; lastKnownFileType = text.plist.xml; path = Info.plist; sourceTree = "<group>"; };
		0BE5BDE98E7514E696A992A4 /* Pods_demo_demoUITests.framework */ = {isa = PBXFileReference; explicitFileType = wrapper.framework; includeInIndex = 0; path = Pods_demo_demoUITests.framework; sourceTree = BUILT_PRODUCTS_DIR; };
		1A1F395C280310D35F28B179 /* Pods-demo-demoUITests.debug.xcconfig */ = {isa = PBXFileReference; includeInIndex = 1; lastKnownFileType = text.xcconfig; name = "Pods-demo-demoUITests.debug.xcconfig"; path = "Target Support Files/Pods-demo-demoUITests/Pods-demo-demoUITests.debug.xcconfig"; sourceTree = "<group>"; };
		226CDB18C22CBF16DE345FC1 /* Pods_demoTests.framework */ = {isa = PBXFileReference; explicitFileType = wrapper.framework; includeInIndex = 0; path = Pods_demoTests.framework; sourceTree = BUILT_PRODUCTS_DIR; };
		78EB043E888379845BE00F8D /* Pods-demoTests.debug.xcconfig */ = {isa = PBXFileReference; includeInIndex = 1; lastKnownFileType = text.xcconfig; name = "Pods-demoTests.debug.xcconfig"; path = "Target Support Files/Pods-demoTests/Pods-demoTests.debug.xcconfig"; sourceTree = "<group>"; };
		9E89F140F414958629AA871C /* Pods-demo.release.xcconfig */ = {isa = PBXFileReference; includeInIndex = 1; lastKnownFileType = text.xcconfig; name = "Pods-demo.release.xcconfig"; path = "Target Support Files/Pods-demo/Pods-demo.release.xcconfig"; sourceTree = "<group>"; };
		CE74E9CC536ABD5864D2F6CC /* Pods_demo.framework */ = {isa = PBXFileReference; explicitFileType = wrapper.framework; includeInIndex = 0; path = Pods_demo.framework; sourceTree = BUILT_PRODUCTS_DIR; };
		DE1CB02BBD6228324115BB4F /* Pods-demoTests.release.xcconfig */ = {isa = PBXFileReference; includeInIndex = 1; lastKnownFileType = text.xcconfig; name = "Pods-demoTests.release.xcconfig"; path = "Target Support Files/Pods-demoTests/Pods-demoTests.release.xcconfig"; sourceTree = "<group>"; };
		EA61231E9E7B0677EF5AC138 /* Pods-demo.debug.xcconfig */ = {isa = PBXFileReference; includeInIndex = 1; lastKnownFileType = text.xcconfig; name = "Pods-demo.debug.xcconfig"; path = "Target Support Files/Pods-demo/Pods-demo.debug.xcconfig"; sourceTree = "<group>"; };
		F6A7D3FF6743641938FF2663 /* Pods-demo-demoUITests.release.xcconfig */ = {isa = PBXFileReference; includeInIndex = 1; lastKnownFileType = text.xcconfig; name = "Pods-demo-demoUITests.release.xcconfig"; path = "Target Support Files/Pods-demo-demoUITests/Pods-demo-demoUITests.release.xcconfig"; sourceTree = "<group>"; };
/* End PBXFileReference section */

/* Begin PBXFrameworksBuildPhase section */
		0A9A90C32546C52A00ED7DF2 /* Frameworks */ = {
			isa = PBXFrameworksBuildPhase;
			buildActionMask = 2147483647;
			files = (
				8F1592E575684056CF4FD267 /* Pods_demo.framework in Frameworks */,
			);
			runOnlyForDeploymentPostprocessing = 0;
		};
		0A9A90DE2546C52B00ED7DF2 /* Frameworks */ = {
			isa = PBXFrameworksBuildPhase;
			buildActionMask = 2147483647;
			files = (
				3EE1534083A96002FC6481D3 /* Pods_demoTests.framework in Frameworks */,
			);
			runOnlyForDeploymentPostprocessing = 0;
		};
		0A9A90E92546C52B00ED7DF2 /* Frameworks */ = {
			isa = PBXFrameworksBuildPhase;
			buildActionMask = 2147483647;
			files = (
				DE01C947041BD2553CA74D75 /* Pods_demo_demoUITests.framework in Frameworks */,
			);
			runOnlyForDeploymentPostprocessing = 0;
		};
/* End PBXFrameworksBuildPhase section */

/* Begin PBXGroup section */
		0A9A90BD2546C52A00ED7DF2 = {
			isa = PBXGroup;
			children = (
				0A9A90C82546C52A00ED7DF2 /* demo */,
				0A9A90E42546C52B00ED7DF2 /* demoTests */,
				0A9A90EF2546C52B00ED7DF2 /* demoUITests */,
				0A9A90C72546C52A00ED7DF2 /* Products */,
				BB4A3DD89CAF23EED447875C /* Pods */,
				3A375146F8D7739486A945E9 /* Frameworks */,
			);
			sourceTree = "<group>";
		};
		0A9A90C72546C52A00ED7DF2 /* Products */ = {
			isa = PBXGroup;
			children = (
				0A9A90C62546C52A00ED7DF2 /* demo.app */,
				0A9A90E12546C52B00ED7DF2 /* demoTests.xctest */,
				0A9A90EC2546C52B00ED7DF2 /* demoUITests.xctest */,
			);
			name = Products;
			sourceTree = "<group>";
		};
		0A9A90C82546C52A00ED7DF2 /* demo */ = {
			isa = PBXGroup;
			children = (
				0A9A90C92546C52A00ED7DF2 /* AppDelegate.h */,
				0A9A90CA2546C52A00ED7DF2 /* AppDelegate.m */,
				0A9A90CC2546C52A00ED7DF2 /* SceneDelegate.h */,
				0A9A90CD2546C52A00ED7DF2 /* SceneDelegate.m */,
				0A9A90CF2546C52A00ED7DF2 /* ViewController.h */,
				0A9A90D02546C52A00ED7DF2 /* ViewController.m */,
				0A9A90D22546C52A00ED7DF2 /* Main.storyboard */,
				0A9A90D52546C52B00ED7DF2 /* Assets.xcassets */,
				0A9A90D72546C52B00ED7DF2 /* LaunchScreen.storyboard */,
				0A9A90DA2546C52B00ED7DF2 /* Info.plist */,
				0A9A90DB2546C52B00ED7DF2 /* main.m */,
			);
			path = demo;
			sourceTree = "<group>";
		};
		0A9A90E42546C52B00ED7DF2 /* demoTests */ = {
			isa = PBXGroup;
			children = (
				0A9A90E52546C52B00ED7DF2 /* demoTests.m */,
				0A9A90E72546C52B00ED7DF2 /* Info.plist */,
			);
			path = demoTests;
			sourceTree = "<group>";
		};
		0A9A90EF2546C52B00ED7DF2 /* demoUITests */ = {
			isa = PBXGroup;
			children = (
				0A9A90F02546C52B00ED7DF2 /* demoUITests.m */,
				0A9A90F22546C52B00ED7DF2 /* Info.plist */,
			);
			path = demoUITests;
			sourceTree = "<group>";
		};
		3A375146F8D7739486A945E9 /* Frameworks */ = {
			isa = PBXGroup;
			children = (
				CE74E9CC536ABD5864D2F6CC /* Pods_demo.framework */,
				0BE5BDE98E7514E696A992A4 /* Pods_demo_demoUITests.framework */,
				226CDB18C22CBF16DE345FC1 /* Pods_demoTests.framework */,
			);
			name = Frameworks;
			sourceTree = "<group>";
		};
		BB4A3DD89CAF23EED447875C /* Pods */ = {
			isa = PBXGroup;
			children = (
				EA61231E9E7B0677EF5AC138 /* Pods-demo.debug.xcconfig */,
				9E89F140F414958629AA871C /* Pods-demo.release.xcconfig */,
				1A1F395C280310D35F28B179 /* Pods-demo-demoUITests.debug.xcconfig */,
				F6A7D3FF6743641938FF2663 /* Pods-demo-demoUITests.release.xcconfig */,
				78EB043E888379845BE00F8D /* Pods-demoTests.debug.xcconfig */,
				DE1CB02BBD6228324115BB4F /* Pods-demoTests.release.xcconfig */,
			);
			name = Pods;
			path = Pods;
			sourceTree = "<group>";
		};
/* End PBXGroup section */

/* Begin PBXNativeTarget section */
		0A9A90C52546C52A00ED7DF2 /* demo */ = {
			isa = PBXNativeTarget;
			buildConfigurationList = 0A9A90F52546C52B00ED7DF2 /* Build configuration list for PBXNativeTarget "demo" */;
			buildPhases = (
				52358F2810913E08F2158693 /* [CP] Check Pods Manifest.lock */,
				0A9A90C22546C52A00ED7DF2 /* Sources */,
				0A9A90C32546C52A00ED7DF2 /* Frameworks */,
				0A9A90C42546C52A00ED7DF2 /* Resources */,
				40B66B94042D00D0CE39049C /* [CP] Embed Pods Frameworks */,
			);
			buildRules = (
			);
			dependencies = (
			);
			name = demo;
			productName = demo;
			productReference = 0A9A90C62546C52A00ED7DF2 /* demo.app */;
			productType = "com.apple.product-type.application";
		};
		0A9A90E02546C52B00ED7DF2 /* demoTests */ = {
			isa = PBXNativeTarget;
			buildConfigurationList = 0A9A90F82546C52B00ED7DF2 /* Build configuration list for PBXNativeTarget "demoTests" */;
			buildPhases = (
				BBFB95E5EEF49C7671436E04 /* [CP] Check Pods Manifest.lock */,
				0A9A90DD2546C52B00ED7DF2 /* Sources */,
				0A9A90DE2546C52B00ED7DF2 /* Frameworks */,
				0A9A90DF2546C52B00ED7DF2 /* Resources */,
			);
			buildRules = (
			);
			dependencies = (
				0A9A90E32546C52B00ED7DF2 /* PBXTargetDependency */,
			);
			name = demoTests;
			productName = demoTests;
			productReference = 0A9A90E12546C52B00ED7DF2 /* demoTests.xctest */;
			productType = "com.apple.product-type.bundle.unit-test";
		};
		0A9A90EB2546C52B00ED7DF2 /* demoUITests */ = {
			isa = PBXNativeTarget;
			buildConfigurationList = 0A9A90FB2546C52B00ED7DF2 /* Build configuration list for PBXNativeTarget "demoUITests" */;
			buildPhases = (
				9B404327FFEF37743D1AC347 /* [CP] Check Pods Manifest.lock */,
				0A9A90E82546C52B00ED7DF2 /* Sources */,
				0A9A90E92546C52B00ED7DF2 /* Frameworks */,
				0A9A90EA2546C52B00ED7DF2 /* Resources */,
				BFF2DF73002F27A13E17C320 /* [CP] Embed Pods Frameworks */,
			);
			buildRules = (
			);
			dependencies = (
				0A9A90EE2546C52B00ED7DF2 /* PBXTargetDependency */,
			);
			name = demoUITests;
			productName = demoUITests;
			productReference = 0A9A90EC2546C52B00ED7DF2 /* demoUITests.xctest */;
			productType = "com.apple.product-type.bundle.ui-testing";
		};
/* End PBXNativeTarget section */

/* Begin PBXProject section */
		0A9A90BE2546C52A00ED7DF2 /* Project object */ = {
			isa = PBXProject;
			attributes = {
				LastUpgradeCheck = 1210;
				TargetAttributes = {
					0A9A90C52546C52A00ED7DF2 = {
						CreatedOnToolsVersion = 12.1;
					};
					0A9A90E02546C52B00ED7DF2 = {
						CreatedOnToolsVersion = 12.1;
						TestTargetID = 0A9A90C52546C52A00ED7DF2;
					};
					0A9A90EB2546C52B00ED7DF2 = {
						CreatedOnToolsVersion = 12.1;
						TestTargetID = 0A9A90C52546C52A00ED7DF2;
					};
				};
			};
			buildConfigurationList = 0A9A90C12546C52A00ED7DF2 /* Build configuration list for PBXProject "demo" */;
			compatibilityVersion = "Xcode 9.3";
			developmentRegion = en;
			hasScannedForEncodings = 0;
			knownRegions = (
				en,
				Base,
			);
			mainGroup = 0A9A90BD2546C52A00ED7DF2;
			productRefGroup = 0A9A90C72546C52A00ED7DF2 /* Products */;
			projectDirPath = "";
			projectRoot = "";
			targets = (
				0A9A90C52546C52A00ED7DF2 /* demo */,
				0A9A90E02546C52B00ED7DF2 /* demoTests */,
				0A9A90EB2546C52B00ED7DF2 /* demoUITests */,
			);
		};
/* End PBXProject section */

/* Begin PBXResourcesBuildPhase section */
		0A9A90C42546C52A00ED7DF2 /* Resources */ = {
			isa = PBXResourcesBuildPhase;
			buildActionMask = 2147483647;
			files = (
				0A9A90D92546C52B00ED7DF2 /* LaunchScreen.storyboard in Resources */,
				0A9A90D62546C52B00ED7DF2 /* Assets.xcassets in Resources */,
				0A9A90D42546C52A00ED7DF2 /* Main.storyboard in Resources */,
			);
			runOnlyForDeploymentPostprocessing = 0;
		};
		0A9A90DF2546C52B00ED7DF2 /* Resources */ = {
			isa = PBXResourcesBuildPhase;
			buildActionMask = 2147483647;
			files = (
			);
			runOnlyForDeploymentPostprocessing = 0;
		};
		0A9A90EA2546C52B00ED7DF2 /* Resources */ = {
			isa = PBXResourcesBuildPhase;
			buildActionMask = 2147483647;
			files = (
			);
			runOnlyForDeploymentPostprocessing = 0;
		};
/* End PBXResourcesBuildPhase section */

/* Begin PBXShellScriptBuildPhase section */
		40B66B94042D00D0CE39049C /* [CP] Embed Pods Frameworks */ = {
			isa = PBXShellScriptBuildPhase;
			buildActionMask = 2147483647;
			files = (
			);
			inputFileListPaths = (
				"${PODS_ROOT}/Target Support Files/Pods-demo/Pods-demo-frameworks-${CONFIGURATION}-input-files.xcfilelist",
			);
			name = "[CP] Embed Pods Frameworks";
			outputFileListPaths = (
				"${PODS_ROOT}/Target Support Files/Pods-demo/Pods-demo-frameworks-${CONFIGURATION}-output-files.xcfilelist",
			);
			runOnlyForDeploymentPostprocessing = 0;
			shellPath = /bin/sh;
			shellScript = "\"${PODS_ROOT}/Target Support Files/Pods-demo/Pods-demo-frameworks.sh\"\n";
			showEnvVarsInLog = 0;
		};
		52358F2810913E08F2158693 /* [CP] Check Pods Manifest.lock */ = {
			isa = PBXShellScriptBuildPhase;
			buildActionMask = 2147483647;
			files = (
			);
			inputFileListPaths = (
			);
			inputPaths = (
				"${PODS_PODFILE_DIR_PATH}/Podfile.lock",
				"${PODS_ROOT}/Manifest.lock",
			);
			name = "[CP] Check Pods Manifest.lock";
			outputFileListPaths = (
			);
			outputPaths = (
				"$(DERIVED_FILE_DIR)/Pods-demo-checkManifestLockResult.txt",
			);
			runOnlyForDeploymentPostprocessing = 0;
			shellPath = /bin/sh;
			shellScript = "diff \"${PODS_PODFILE_DIR_PATH}/Podfile.lock\" \"${PODS_ROOT}/Manifest.lock\" > /dev/null\nif [ $? != 0 ] ; then\n    # print error to STDERR\n    echo \"error: The sandbox is not in sync with the Podfile.lock. Run 'pod install' or update your CocoaPods installation.\" >&2\n    exit 1\nfi\n# This output is used by Xcode 'outputs' to avoid re-running this script phase.\necho \"SUCCESS\" > \"${SCRIPT_OUTPUT_FILE_0}\"\n";
			showEnvVarsInLog = 0;
		};
		9B404327FFEF37743D1AC347 /* [CP] Check Pods Manifest.lock */ = {
			isa = PBXShellScriptBuildPhase;
			buildActionMask = 2147483647;
			files = (
			);
			inputFileListPaths = (
			);
			inputPaths = (
				"${PODS_PODFILE_DIR_PATH}/Podfile.lock",
				"${PODS_ROOT}/Manifest.lock",
			);
			name = "[CP] Check Pods Manifest.lock";
			outputFileListPaths = (
			);
			outputPaths = (
				"$(DERIVED_FILE_DIR)/Pods-demo-demoUITests-checkManifestLockResult.txt",
			);
			runOnlyForDeploymentPostprocessing = 0;
			shellPath = /bin/sh;
			shellScript = "diff \"${PODS_PODFILE_DIR_PATH}/Podfile.lock\" \"${PODS_ROOT}/Manifest.lock\" > /dev/null\nif [ $? != 0 ] ; then\n    # print error to STDERR\n    echo \"error: The sandbox is not in sync with the Podfile.lock. Run 'pod install' or update your CocoaPods installation.\" >&2\n    exit 1\nfi\n# This output is used by Xcode 'outputs' to avoid re-running this script phase.\necho \"SUCCESS\" > \"${SCRIPT_OUTPUT_FILE_0}\"\n";
			showEnvVarsInLog = 0;
		};
		BBFB95E5EEF49C7671436E04 /* [CP] Check Pods Manifest.lock */ = {
			isa = PBXShellScriptBuildPhase;
			buildActionMask = 2147483647;
			files = (
			);
			inputFileListPaths = (
			);
			inputPaths = (
				"${PODS_PODFILE_DIR_PATH}/Podfile.lock",
				"${PODS_ROOT}/Manifest.lock",
			);
			name = "[CP] Check Pods Manifest.lock";
			outputFileListPaths = (
			);
			outputPaths = (
				"$(DERIVED_FILE_DIR)/Pods-demoTests-checkManifestLockResult.txt",
			);
			runOnlyForDeploymentPostprocessing = 0;
			shellPath = /bin/sh;
			shellScript = "diff \"${PODS_PODFILE_DIR_PATH}/Podfile.lock\" \"${PODS_ROOT}/Manifest.lock\" > /dev/null\nif [ $? != 0 ] ; then\n    # print error to STDERR\n    echo \"error: The sandbox is not in sync with the Podfile.lock. Run 'pod install' or update your CocoaPods installation.\" >&2\n    exit 1\nfi\n# This output is used by Xcode 'outputs' to avoid re-running this script phase.\necho \"SUCCESS\" > \"${SCRIPT_OUTPUT_FILE_0}\"\n";
			showEnvVarsInLog = 0;
		};
		BFF2DF73002F27A13E17C320 /* [CP] Embed Pods Frameworks */ = {
			isa = PBXShellScriptBuildPhase;
			buildActionMask = 2147483647;
			files = (
			);
			inputFileListPaths = (
				"${PODS_ROOT}/Target Support Files/Pods-demo-demoUITests/Pods-demo-demoUITests-frameworks-${CONFIGURATION}-input-files.xcfilelist",
			);
			name = "[CP] Embed Pods Frameworks";
			outputFileListPaths = (
				"${PODS_ROOT}/Target Support Files/Pods-demo-demoUITests/Pods-demo-demoUITests-frameworks-${CONFIGURATION}-output-files.xcfilelist",
			);
			runOnlyForDeploymentPostprocessing = 0;
			shellPath = /bin/sh;
			shellScript = "\"${PODS_ROOT}/Target Support Files/Pods-demo-demoUITests/Pods-demo-demoUITests-frameworks.sh\"\n";
			showEnvVarsInLog = 0;
		};
/* End PBXShellScriptBuildPhase section */

/* Begin PBXSourcesBuildPhase section */
		0A9A90C22546C52A00ED7DF2 /* Sources */ = {
			isa = PBXSourcesBuildPhase;
			buildActionMask = 2147483647;
			files = (
				0A9A90D12546C52A00ED7DF2 /* ViewController.m in Sources */,
				0A9A90CB2546C52A00ED7DF2 /* AppDelegate.m in Sources */,
				0A9A90DC2546C52B00ED7DF2 /* main.m in Sources */,
				0A9A90CE2546C52A00ED7DF2 /* SceneDelegate.m in Sources */,
			);
			runOnlyForDeploymentPostprocessing = 0;
		};
		0A9A90DD2546C52B00ED7DF2 /* Sources */ = {
			isa = PBXSourcesBuildPhase;
			buildActionMask = 2147483647;
			files = (
				0A9A90E62546C52B00ED7DF2 /* demoTests.m in Sources */,
			);
			runOnlyForDeploymentPostprocessing = 0;
		};
		0A9A90E82546C52B00ED7DF2 /* Sources */ = {
			isa = PBXSourcesBuildPhase;
			buildActionMask = 2147483647;
			files = (
				0A9A90F12546C52B00ED7DF2 /* demoUITests.m in Sources */,
			);
			runOnlyForDeploymentPostprocessing = 0;
		};
/* End PBXSourcesBuildPhase section */

/* Begin PBXTargetDependency section */
		0A9A90E32546C52B00ED7DF2 /* PBXTargetDependency */ = {
			isa = PBXTargetDependency;
			target = 0A9A90C52546C52A00ED7DF2 /* demo */;
			targetProxy = 0A9A90E22546C52B00ED7DF2 /* PBXContainerItemProxy */;
		};
		0A9A90EE2546C52B00ED7DF2 /* PBXTargetDependency */ = {
			isa = PBXTargetDependency;
			target = 0A9A90C52546C52A00ED7DF2 /* demo */;
			targetProxy = 0A9A90ED2546C52B00ED7DF2 /* PBXContainerItemProxy */;
		};
/* End PBXTargetDependency section */

/* Begin PBXVariantGroup section */
		0A9A90D22546C52A00ED7DF2 /* Main.storyboard */ = {
			isa = PBXVariantGroup;
			children = (
				0A9A90D32546C52A00ED7DF2 /* Base */,
			);
			name = Main.storyboard;
			sourceTree = "<group>";
		};
		0A9A90D72546C52B00ED7DF2 /* LaunchScreen.storyboard */ = {
			isa = PBXVariantGroup;
			children = (
				0A9A90D82546C52B00ED7DF2 /* Base */,
			);
			name = LaunchScreen.storyboard;
			sourceTree = "<group>";
		};
/* End PBXVariantGroup section */

/* Begin XCBuildConfiguration section */
		0A9A90F32546C52B00ED7DF2 /* Debug */ = {
			isa = XCBuildConfiguration;
			buildSettings = {
				ALWAYS_SEARCH_USER_PATHS = NO;
				CLANG_ANALYZER_NONNULL = YES;
				CLANG_ANALYZER_NUMBER_OBJECT_CONVERSION = YES_AGGRESSIVE;
				CLANG_CXX_LANGUAGE_STANDARD = "gnu++14";
				CLANG_CXX_LIBRARY = "libc++";
				CLANG_ENABLE_MODULES = YES;
				CLANG_ENABLE_OBJC_ARC = YES;
				CLANG_ENABLE_OBJC_WEAK = YES;
				CLANG_WARN_BLOCK_CAPTURE_AUTORELEASING = YES;
				CLANG_WARN_BOOL_CONVERSION = YES;
				CLANG_WARN_COMMA = YES;
				CLANG_WARN_CONSTANT_CONVERSION = YES;
				CLANG_WARN_DEPRECATED_OBJC_IMPLEMENTATIONS = YES;
				CLANG_WARN_DIRECT_OBJC_ISA_USAGE = YES_ERROR;
				CLANG_WARN_DOCUMENTATION_COMMENTS = YES;
				CLANG_WARN_EMPTY_BODY = YES;
				CLANG_WARN_ENUM_CONVERSION = YES;
				CLANG_WARN_INFINITE_RECURSION = YES;
				CLANG_WARN_INT_CONVERSION = YES;
				CLANG_WARN_NON_LITERAL_NULL_CONVERSION = YES;
				CLANG_WARN_OBJC_IMPLICIT_RETAIN_SELF = YES;
				CLANG_WARN_OBJC_LITERAL_CONVERSION = YES;
				CLANG_WARN_OBJC_ROOT_CLASS = YES_ERROR;
				CLANG_WARN_QUOTED_INCLUDE_IN_FRAMEWORK_HEADER = YES;
				CLANG_WARN_RANGE_LOOP_ANALYSIS = YES;
				CLANG_WARN_STRICT_PROTOTYPES = YES;
				CLANG_WARN_SUSPICIOUS_MOVE = YES;
				CLANG_WARN_UNGUARDED_AVAILABILITY = YES_AGGRESSIVE;
				CLANG_WARN_UNREACHABLE_CODE = YES;
				CLANG_WARN__DUPLICATE_METHOD_MATCH = YES;
				COPY_PHASE_STRIP = NO;
				DEBUG_INFORMATION_FORMAT = dwarf;
				ENABLE_STRICT_OBJC_MSGSEND = YES;
				ENABLE_TESTABILITY = YES;
				GCC_C_LANGUAGE_STANDARD = gnu11;
				GCC_DYNAMIC_NO_PIC = NO;
				GCC_NO_COMMON_BLOCKS = YES;
				GCC_OPTIMIZATION_LEVEL = 0;
				GCC_PREPROCESSOR_DEFINITIONS = (
					"DEBUG=1",
					"$(inherited)",
				);
				GCC_WARN_64_TO_32_BIT_CONVERSION = YES;
				GCC_WARN_ABOUT_RETURN_TYPE = YES_ERROR;
				GCC_WARN_UNDECLARED_SELECTOR = YES;
				GCC_WARN_UNINITIALIZED_AUTOS = YES_AGGRESSIVE;
				GCC_WARN_UNUSED_FUNCTION = YES;
				GCC_WARN_UNUSED_VARIABLE = YES;
				IPHONEOS_DEPLOYMENT_TARGET = 14.1;
				MTL_ENABLE_DEBUG_INFO = INCLUDE_SOURCE;
				MTL_FAST_MATH = YES;
				ONLY_ACTIVE_ARCH = YES;
				SDKROOT = iphoneos;
			};
			name = Debug;
		};
		0A9A90F42546C52B00ED7DF2 /* Release */ = {
			isa = XCBuildConfiguration;
			buildSettings = {
				ALWAYS_SEARCH_USER_PATHS = NO;
				CLANG_ANALYZER_NONNULL = YES;
				CLANG_ANALYZER_NUMBER_OBJECT_CONVERSION = YES_AGGRESSIVE;
				CLANG_CXX_LANGUAGE_STANDARD = "gnu++14";
				CLANG_CXX_LIBRARY = "libc++";
				CLANG_ENABLE_MODULES = YES;
				CLANG_ENABLE_OBJC_ARC = YES;
				CLANG_ENABLE_OBJC_WEAK = YES;
				CLANG_WARN_BLOCK_CAPTURE_AUTORELEASING = YES;
				CLANG_WARN_BOOL_CONVERSION = YES;
				CLANG_WARN_COMMA = YES;
				CLANG_WARN_CONSTANT_CONVERSION = YES;
				CLANG_WARN_DEPRECATED_OBJC_IMPLEMENTATIONS = YES;
				CLANG_WARN_DIRECT_OBJC_ISA_USAGE = YES_ERROR;
				CLANG_WARN_DOCUMENTATION_COMMENTS = YES;
				CLANG_WARN_EMPTY_BODY = YES;
				CLANG_WARN_ENUM_CONVERSION = YES;
				CLANG_WARN_INFINITE_RECURSION = YES;
				CLANG_WARN_INT_CONVERSION = YES;
				CLANG_WARN_NON_LITERAL_NULL_CONVERSION = YES;
				CLANG_WARN_OBJC_IMPLICIT_RETAIN_SELF = YES;
				CLANG_WARN_OBJC_LITERAL_CONVERSION = YES;
				CLANG_WARN_OBJC_ROOT_CLASS = YES_ERROR;
				CLANG_WARN_QUOTED_INCLUDE_IN_FRAMEWORK_HEADER = YES;
				CLANG_WARN_RANGE_LOOP_ANALYSIS = YES;
				CLANG_WARN_STRICT_PROTOTYPES = YES;
				CLANG_WARN_SUSPICIOUS_MOVE = YES;
				CLANG_WARN_UNGUARDED_AVAILABILITY = YES_AGGRESSIVE;
				CLANG_WARN_UNREACHABLE_CODE = YES;
				CLANG_WARN__DUPLICATE_METHOD_MATCH = YES;
				COPY_PHASE_STRIP = NO;
				DEBUG_INFORMATION_FORMAT = "dwarf-with-dsym";
				ENABLE_NS_ASSERTIONS = NO;
				ENABLE_STRICT_OBJC_MSGSEND = YES;
				GCC_C_LANGUAGE_STANDARD = gnu11;
				GCC_NO_COMMON_BLOCKS = YES;
				GCC_WARN_64_TO_32_BIT_CONVERSION = YES;
				GCC_WARN_ABOUT_RETURN_TYPE = YES_ERROR;
				GCC_WARN_UNDECLARED_SELECTOR = YES;
				GCC_WARN_UNINITIALIZED_AUTOS = YES_AGGRESSIVE;
				GCC_WARN_UNUSED_FUNCTION = YES;
				GCC_WARN_UNUSED_VARIABLE = YES;
				IPHONEOS_DEPLOYMENT_TARGET = 14.1;
				MTL_ENABLE_DEBUG_INFO = NO;
				MTL_FAST_MATH = YES;
				SDKROOT = iphoneos;
				VALIDATE_PRODUCT = YES;
			};
			name = Release;
		};
		0A9A90F62546C52B00ED7DF2 /* Debug */ = {
			isa = XCBuildConfiguration;
			baseConfigurationReference = EA61231E9E7B0677EF5AC138 /* Pods-demo.debug.xcconfig */;
			buildSettings = {
				ASSETCATALOG_COMPILER_APPICON_NAME = AppIcon;
				ASSETCATALOG_COMPILER_GLOBAL_ACCENT_COLOR_NAME = AccentColor;
				CODE_SIGN_STYLE = Automatic;
				DEVELOPMENT_TEAM = 35QNWEJNAD;
				INFOPLIST_FILE = demo/Info.plist;
				LD_RUNPATH_SEARCH_PATHS = (
					"$(inherited)",
					"@executable_path/Frameworks",
				);
				PRODUCT_BUNDLE_IDENTIFIER = com.wejeson.demo;
				PRODUCT_NAME = "$(TARGET_NAME)";
				TARGETED_DEVICE_FAMILY = "1,2";
			};
			name = Debug;
		};
		0A9A90F72546C52B00ED7DF2 /* Release */ = {
			isa = XCBuildConfiguration;
			baseConfigurationReference = 9E89F140F414958629AA871C /* Pods-demo.release.xcconfig */;
			buildSettings = {
				ASSETCATALOG_COMPILER_APPICON_NAME = AppIcon;
				ASSETCATALOG_COMPILER_GLOBAL_ACCENT_COLOR_NAME = AccentColor;
				CODE_SIGN_STYLE = Automatic;
				DEVELOPMENT_TEAM = 35QNWEJNAD;
				INFOPLIST_FILE = demo/Info.plist;
				LD_RUNPATH_SEARCH_PATHS = (
					"$(inherited)",
					"@executable_path/Frameworks",
				);
				PRODUCT_BUNDLE_IDENTIFIER = com.wejeson.demo;
				PRODUCT_NAME = "$(TARGET_NAME)";
				TARGETED_DEVICE_FAMILY = "1,2";
			};
			name = Release;
		};
		0A9A90F92546C52B00ED7DF2 /* Debug */ = {
			isa = XCBuildConfiguration;
			baseConfigurationReference = 78EB043E888379845BE00F8D /* Pods-demoTests.debug.xcconfig */;
			buildSettings = {
				BUNDLE_LOADER = "$(TEST_HOST)";
				CODE_SIGN_STYLE = Automatic;
				DEVELOPMENT_TEAM = 35QNWEJNAD;
				INFOPLIST_FILE = demoTests/Info.plist;
				IPHONEOS_DEPLOYMENT_TARGET = 14.1;
				LD_RUNPATH_SEARCH_PATHS = (
					"$(inherited)",
					"@executable_path/Frameworks",
					"@loader_path/Frameworks",
				);
				PRODUCT_BUNDLE_IDENTIFIER = com.wejeson.demoTests;
				PRODUCT_NAME = "$(TARGET_NAME)";
				TARGETED_DEVICE_FAMILY = "1,2";
				TEST_HOST = "$(BUILT_PRODUCTS_DIR)/demo.app/demo";
			};
			name = Debug;
		};
		0A9A90FA2546C52B00ED7DF2 /* Release */ = {
			isa = XCBuildConfiguration;
			baseConfigurationReference = DE1CB02BBD6228324115BB4F /* Pods-demoTests.release.xcconfig */;
			buildSettings = {
				BUNDLE_LOADER = "$(TEST_HOST)";
				CODE_SIGN_STYLE = Automatic;
				DEVELOPMENT_TEAM = 35QNWEJNAD;
				INFOPLIST_FILE = demoTests/Info.plist;
				IPHONEOS_DEPLOYMENT_TARGET = 14.1;
				LD_RUNPATH_SEARCH_PATHS = (
					"$(inherited)",
					"@executable_path/Frameworks",
					"@loader_path/Frameworks",
				);
				PRODUCT_BUNDLE_IDENTIFIER = com.wejeson.demoTests;
				PRODUCT_NAME = "$(TARGET_NAME)";
				TARGETED_DEVICE_FAMILY = "1,2";
				TEST_HOST = "$(BUILT_PRODUCTS_DIR)/demo.app/demo";
			};
			name = Release;
		};
		0A9A90FC2546C52B00ED7DF2 /* Debug */ = {
			isa = XCBuildConfiguration;
			baseConfigurationReference = 1A1F395C280310D35F28B179 /* Pods-demo-demoUITests.debug.xcconfig */;
			buildSettings = {
				CODE_SIGN_STYLE = Automatic;
				DEVELOPMENT_TEAM = 35QNWEJNAD;
				INFOPLIST_FILE = demoUITests/Info.plist;
				LD_RUNPATH_SEARCH_PATHS = (
					"$(inherited)",
					"@executable_path/Frameworks",
					"@loader_path/Frameworks",
				);
				PRODUCT_BUNDLE_IDENTIFIER = com.wejeson.demoUITests;
				PRODUCT_NAME = "$(TARGET_NAME)";
				TARGETED_DEVICE_FAMILY = "1,2";
				TEST_TARGET_NAME = demo;
			};
			name = Debug;
		};
		0A9A90FD2546C52B00ED7DF2 /* Release */ = {
			isa = XCBuildConfiguration;
			baseConfigurationReference = F6A7D3FF6743641938FF2663 /* Pods-demo-demoUITests.release.xcconfig */;
			buildSettings = {
				CODE_SIGN_STYLE = Automatic;
				DEVELOPMENT_TEAM = 35QNWEJNAD;
				INFOPLIST_FILE = demoUITests/Info.plist;
				LD_RUNPATH_SEARCH_PATHS = (
					"$(inherited)",
					"@executable_path/Frameworks",
					"@loader_path/Frameworks",
				);
				PRODUCT_BUNDLE_IDENTIFIER = com.wejeson.demoUITests;
				PRODUCT_NAME = "$(TARGET_NAME)";
				TARGETED_DEVICE_FAMILY = "1,2";
				TEST_TARGET_NAME = demo;
			};
			name = Release;
		};
/* End XCBuildConfiguration section */

/* Begin XCConfigurationList section */
		0A9A90C12546C52A00ED7DF2 /* Build configuration list for PBXProject "demo" */ = {
			isa = XCConfigurationList;
			buildConfigurations = (
				0A9A90F32546C52B00ED7DF2 /* Debug */,
				0A9A90F42546C52B00ED7DF2 /* Release */,
			);
			defaultConfigurationIsVisible = 0;
			defaultConfigurationName = Release;
		};
		0A9A90F52546C52B00ED7DF2 /* Build configuration list for PBXNativeTarget "demo" */ = {
			isa = XCConfigurationList;
			buildConfigurations = (
				0A9A90F62546C52B00ED7DF2 /* Debug */,
				0A9A90F72546C52B00ED7DF2 /* Release */,
			);
			defaultConfigurationIsVisible = 0;
			defaultConfigurationName = Release;
		};
		0A9A90F82546C52B00ED7DF2 /* Build configuration list for PBXNativeTarget "demoTests" */ = {
			isa = XCConfigurationList;
			buildConfigurations = (
				0A9A90F92546C52B00ED7DF2 /* Debug */,
				0A9A90FA2546C52B00ED7DF2 /* Release */,
			);
			defaultConfigurationIsVisible = 0;
			defaultConfigurationName = Release;
		};
		0A9A90FB2546C52B00ED7DF2 /* Build configuration list for PBXNativeTarget "demoUITests" */ = {
			isa = XCConfigurationList;
			buildConfigurations = (
				0A9A90FC2546C52B00ED7DF2 /* Debug */,
				0A9A90FD2546C52B00ED7DF2 /* Release */,
			);
			defaultConfigurationIsVisible = 0;
			defaultConfigurationName = Release;
		};
/* End XCConfigurationList section */
	};
	rootObject = 0A9A90BE2546C52A00ED7DF2 /* Project object */;
}
